
Microsoft Visual Studio Solution File, Format Version 12.00
Project("{FAE04EC0-301F-11D3-BF4B-00C04F79EFBC}") = "RaylibTest", "RaylibTest\RaylibTest.csproj", "{B6C484C6-31E8-450C-8B03-255A02FB781B}"
EndProject
Global
	GlobalSection(SolutionConfigurationPlatforms) = preSolution
		Debug|Any CPU = Debug|Any CPU
		Release|Any CPU = Release|Any CPU
	EndGlobalSection
	GlobalSection(ProjectConfigurationPlatforms) = postSolution
		{B6C484C6-31E8-450C-8B03-255A02FB781B}.Debug|Any CPU.ActiveCfg = Debug|Any CPU
		{B6C484C6-31E8-450C-8B03-255A02FB781B}.Debug|Any CPU.Build.0 = Debug|Any CPU
		{B6C484C6-31E8-450C-8B03-255A02FB781B}.Release|Any CPU.ActiveCfg = Release|Any CPU
		{B6C484C6-31E8-450C-8B03-255A02FB781B}.Release|Any CPU.Build.0 = Release|Any CPU
	EndGlobalSection
EndGlobal
